{
  "lockfile_version": "1",
  "packages": {
    "github:NixOS/nixpkgs/nixpkgs-unstable": {
      "last_modified": "2025-12-02T02:29:13Z",
      "resolved": "github:NixOS/nixpkgs/f720de59066162ee879adcc8c79e15c51fe6bfb4?lastModified=1764642553&narHash=sha256-mvbFFzVBhVK1FjyPHZGMAKpNiqkr7k%2B%2BxIwy%2Bp%2FNQvA%3D"
    },
    "nodejs_20": {
      "plugin_version": "0.0.2",
      "resolved": "github:NixOS/nixpkgs/6f374686605df381de8541c072038472a5ea2e2d?narHash=sha256-AJHrsT7VoeQzErpBRlLJM1SODcaayp0joAoEA35yiwM%3D#nodejs_20",
      "source": "nixpkg",
      "systems": {
        "x86_64-linux": {
          "outputs": [
            {
              "path": "/nix/store/30klhqzvmrpyawsnm2grjj1ly8s7xzw5-nodejs-20.19.5",
              "default": true
            }
          ]
        }
      }
    },
    "python312": {
      "plugin_version": "0.0.4",
      "resolved": "github:NixOS/nixpkgs/6f374686605df381de8541c072038472a5ea2e2d?narHash=sha256-AJHrsT7VoeQzErpBRlLJM1SODcaayp0joAoEA35yiwM%3D#python312",
      "source": "nixpkg",
      "systems": {
        "x86_64-linux": {
          "outputs": [
            {
              "path": "/nix/store/mivp9xhnigjrjb0rfvlzhv80abnmp5jm-python3-3.12.12",
              "default": true
            }
          ]
        }
      }
    }
  }
}
